Microsoft Visual Studio Solution File, Format Version 12.00
# Visual Studio 2012
Project("{FAE04EC0-301F-11D3-BF4B-00C04F79EFBC}") = "flatlands", "flatlands.csproj", "{95CDB0C7-1F01-44D8-8F48-F754BB9CD8BA}"
EndProject
Global
	GlobalSection(SolutionConfigurationPlatforms) = preSolution
	Debug|Any CPU = Debug|Any CPU
	ExportDebug|Any CPU = ExportDebug|Any CPU
	ExportRelease|Any CPU = ExportRelease|Any CPU
	EndGlobalSection
	GlobalSection(ProjectConfigurationPlatforms) = postSolution
		{95CDB0C7-1F01-44D8-8F48-F754BB9CD8BA}.Debug|Any CPU.ActiveCfg = Debug|Any CPU
		{95CDB0C7-1F01-44D8-8F48-F754BB9CD8BA}.Debug|Any CPU.Build.0 = Debug|Any CPU
		{95CDB0C7-1F01-44D8-8F48-F754BB9CD8BA}.ExportDebug|Any CPU.ActiveCfg = ExportDebug|Any CPU
		{95CDB0C7-1F01-44D8-8F48-F754BB9CD8BA}.ExportDebug|Any CPU.Build.0 = ExportDebug|Any CPU
		{95CDB0C7-1F01-44D8-8F48-F754BB9CD8BA}.ExportRelease|Any CPU.ActiveCfg = ExportRelease|Any CPU
		{95CDB0C7-1F01-44D8-8F48-F754BB9CD8BA}.ExportRelease|Any CPU.Build.0 = ExportRelease|Any CPU
	EndGlobalSection
EndGlobal
